// !$*UTF8*$!
{
	archiveVersion = 1;
	classes = {
	};
	objectVersion = 50;
	objects = {

/* Begin PBXBuildFile section */
		E82951AF2758F6D000B34A70 /* RecipeHelperAppTests.swift in Sources */ = {isa = PBXBuildFile; fileRef = E82951AE2758F6D000B34A70 /* RecipeHelperAppTests.swift */; };
		E82951BA2758F6D100B34A70 /* RecipeHelperAppUITests.swift in Sources */ = {isa = PBXBuildFile; fileRef = E82951B92758F6D100B34A70 /* RecipeHelperAppUITests.swift */; };
		E8A9ED9027594069002E8768 /* Assets.xcassets in Resources */ = {isa = PBXBuildFile; fileRef = E8A9ED8A27594069002E8768 /* Assets.xcassets */; };
		E8A9ED9127594069002E8768 /* ViewController.swift in Sources */ = {isa = PBXBuildFile; fileRef = E8A9ED8B27594069002E8768 /* ViewController.swift */; };
		E8A9ED9227594069002E8768 /* Info.plist in Resources */ = {isa = PBXBuildFile; fileRef = E8A9ED8C27594069002E8768 /* Info.plist */; };
		E8A9ED9327594069002E8768 /* Base.lproj in Resources */ = {isa = PBXBuildFile; fileRef = E8A9ED8D27594069002E8768 /* Base.lproj */; };
		E8A9ED9427594069002E8768 /* SceneDelegate.swift in Sources */ = {isa = PBXBuildFile; fileRef = E8A9ED8E27594069002E8768 /* SceneDelegate.swift */; };
		E8A9ED9527594069002E8768 /* AppDelegate.swift in Sources */ = {isa = PBXBuildFile; fileRef = E8A9ED8F27594069002E8768 /* AppDelegate.swift */; };
/* End PBXBuildFile section */

/* Begin PBXContainerItemProxy section */
		E82951AB2758F6D000B34A70 /* PBXContainerItemProxy */ = {
			isa = PBXContainerItemProxy;
			containerPortal = E82951912758F6CD00B34A70 /* Project object */;
			proxyType = 1;
			remoteGlobalIDString = E82951982758F6CD00B34A70;
			remoteInfo = RecipeHelperApp;
		};
		E82951B62758F6D100B34A70 /* PBXContainerItemProxy */ = {
			isa = PBXContainerItemProxy;
			containerPortal = E82951912758F6CD00B34A70 /* Project object */;
			proxyType = 1;
			remoteGlobalIDString = E82951982758F6CD00B34A70;
			remoteInfo = RecipeHelperApp;
		};
/* End PBXContainerItemProxy section */

/* Begin PBXFileReference section */
		E82951992758F6CD00B34A70 /* RecipeHelperApp.app */ = {isa = PBXFileReference; explicitFileType = wrapper.application; includeInIndex = 0; path = RecipeHelperApp.app; sourceTree = BUILT_PRODUCTS_DIR; };
		E82951AA2758F6D000B34A70 /* RecipeHelperAppTests.xctest */ = {isa = PBXFileReference; explicitFileType = wrapper.cfbundle; includeInIndex = 0; path = RecipeHelperAppTests.xctest; sourceTree = BUILT_PRODUCTS_DIR; };
		E82951AE2758F6D000B34A70 /* RecipeHelperAppTests.swift */ = {isa = PBXFileReference; lastKnownFileType = sourcecode.swift; path = RecipeHelperAppTests.swift; sourceTree = "<group>"; };
		E82951B02758F6D000B34A70 /* Info.plist */ = {isa = PBXFileReference; lastKnownFileType = text.plist.xml; path = Info.plist; sourceTree = "<group>"; };
		E82951B52758F6D100B34A70 /* RecipeHelperAppUITests.xctest */ = {isa = PBXFileReference; explicitFileType = wrapper.cfbundle; includeInIndex = 0; path = RecipeHelperAppUITests.xctest; sourceTree = BUILT_PRODUCTS_DIR; };
		E82951B92758F6D100B34A70 /* RecipeHelperAppUITests.swift */ = {isa = PBXFileReference; lastKnownFileType = sourcecode.swift; path = RecipeHelperAppUITests.swift; sourceTree = "<group>"; };
		E82951BB2758F6D100B34A70 /* Info.plist */ = {isa = PBXFileReference; lastKnownFileType = text.plist.xml; path = Info.plist; sourceTree = "<group>"; };
		E8A9ED8927594068002E8768 /* RecipeHelperApp-Bridging-Header.h */ = {isa = PBXFileReference; lastKnownFileType = sourcecode.c.h; path = "RecipeHelperApp-Bridging-Header.h"; sourceTree = "<group>"; };
		E8A9ED8A27594069002E8768 /* Assets.xcassets */ = {isa = PBXFileReference; lastKnownFileType = folder.assetcatalog; name = Assets.xcassets; path = RecipeHelperApp/Assets.xcassets; sourceTree = "<group>"; };
		E8A9ED8B27594069002E8768 /* ViewController.swift */ = {isa = PBXFileReference; fileEncoding = 4; lastKnownFileType = sourcecode.swift; name = ViewController.swift; path = RecipeHelperApp/ViewController.swift; sourceTree = "<group>"; };
		E8A9ED8C27594069002E8768 /* Info.plist */ = {isa = PBXFileReference; fileEncoding = 4; lastKnownFileType = text.plist.xml; name = Info.plist; path = RecipeHelperApp/Info.plist; sourceTree = "<group>"; };
		E8A9ED8D27594069002E8768 /* Base.lproj */ = {isa = PBXFileReference; lastKnownFileType = folder; name = Base.lproj; path = RecipeHelperApp/Base.lproj; sourceTree = "<group>"; };
		E8A9ED8E27594069002E8768 /* SceneDelegate.swift */ = {isa = PBXFileReference; fileEncoding = 4; lastKnownFileType = sourcecode.swift; name = SceneDelegate.swift; path = RecipeHelperApp/SceneDelegate.swift; sourceTree = "<group>"; };
		E8A9ED8F27594069002E8768 /* AppDelegate.swift */ = {isa = PBXFileReference; fileEncoding = 4; lastKnownFileType = sourcecode.swift; name = AppDelegate.swift; path = RecipeHelperApp/AppDelegate.swift; sourceTree = "<group>"; };
/* End PBXFileReference section */

/* Begin PBXFrameworksBuildPhase section */
		E82951962758F6CD00B34A70 /* Frameworks */ = {
			isa = PBXFrameworksBuildPhase;
			buildActionMask = 2147483647;
			files = (
			);
			runOnlyForDeploymentPostprocessing = 0;
		};
		E82951A72758F6D000B34A70 /* Frameworks */ = {
			isa = PBXFrameworksBuildPhase;
			buildActionMask = 2147483647;
			files = (
			);
			runOnlyForDeploymentPostprocessing = 0;
		};
		E82951B22758F6D100B34A70 /* Frameworks */ = {
			isa = PBXFrameworksBuildPhase;
			buildActionMask = 2147483647;
			files = (
			);
			runOnlyForDeploymentPostprocessing = 0;
		};
/* End PBXFrameworksBuildPhase section */

/* Begin PBXGroup section */
		E82951902758F6CD00B34A70 = {
			isa = PBXGroup;
			children = (
				E829519B2758F6CD00B34A70 /* RecipeHelperApp */,
				E82951AD2758F6D000B34A70 /* RecipeHelperAppTests */,
				E82951B82758F6D100B34A70 /* RecipeHelperAppUITests */,
				E829519A2758F6CD00B34A70 /* Products */,
			);
			sourceTree = "<group>";
		};
		E829519A2758F6CD00B34A70 /* Products */ = {
			isa = PBXGroup;
			children = (
				E82951992758F6CD00B34A70 /* RecipeHelperApp.app */,
				E82951AA2758F6D000B34A70 /* RecipeHelperAppTests.xctest */,
				E82951B52758F6D100B34A70 /* RecipeHelperAppUITests.xctest */,
			);
			name = Products;
			sourceTree = "<group>";
		};
		E829519B2758F6CD00B34A70 /* RecipeHelperApp */ = {
			isa = PBXGroup;
			children = (
				E8A9ED8F27594069002E8768 /* AppDelegate.swift */,
				E8A9ED8A27594069002E8768 /* Assets.xcassets */,
				E8A9ED8D27594069002E8768 /* Base.lproj */,
				E8A9ED8C27594069002E8768 /* Info.plist */,
				E8A9ED8E27594069002E8768 /* SceneDelegate.swift */,
				E8A9ED8B27594069002E8768 /* ViewController.swift */,
				E8A9ED8927594068002E8768 /* RecipeHelperApp-Bridging-Header.h */,
			);
			path = RecipeHelperApp;
			sourceTree = "<group>";
		};
		E82951AD2758F6D000B34A70 /* RecipeHelperAppTests */ = {
			isa = PBXGroup;
			children = (
				E82951AE2758F6D000B34A70 /* RecipeHelperAppTests.swift */,
				E82951B02758F6D000B34A70 /* Info.plist */,
			);
			path = RecipeHelperAppTests;
			sourceTree = "<group>";
		};
		E82951B82758F6D100B34A70 /* RecipeHelperAppUITests */ = {
			isa = PBXGroup;
			children = (
				E82951B92758F6D100B34A70 /* RecipeHelperAppUITests.swift */,
				E82951BB2758F6D100B34A70 /* Info.plist */,
			);
			path = RecipeHelperAppUITests;
			sourceTree = "<group>";
		};
/* End PBXGroup section */

/* Begin PBXNativeTarget section */
		E82951982758F6CD00B34A70 /* RecipeHelperApp */ = {
			isa = PBXNativeTarget;
			buildConfigurationList = E82951BE2758F6D100B34A70 /* Build configuration list for PBXNativeTarget "RecipeHelperApp" */;
			buildPhases = (
				E82951952758F6CD00B34A70 /* Sources */,
				E82951962758F6CD00B34A70 /* Frameworks */,
				E82951972758F6CD00B34A70 /* Resources */,
			);
			buildRules = (
			);
			dependencies = (
			);
			name = RecipeHelperApp;
			productName = RecipeHelperApp;
			productReference = E82951992758F6CD00B34A70 /* RecipeHelperApp.app */;
			productType = "com.apple.product-type.application";
		};
		E82951A92758F6D000B34A70 /* RecipeHelperAppTests */ = {
			isa = PBXNativeTarget;
			buildConfigurationList = E82951C12758F6D100B34A70 /* Build configuration list for PBXNativeTarget "RecipeHelperAppTests" */;
			buildPhases = (
				E82951A62758F6D000B34A70 /* Sources */,
				E82951A72758F6D000B34A70 /* Frameworks */,
				E82951A82758F6D000B34A70 /* Resources */,
			);
			buildRules = (
			);
			dependencies = (
				E82951AC2758F6D000B34A70 /* PBXTargetDependency */,
			);
			name = RecipeHelperAppTests;
			productName = RecipeHelperAppTests;
			productReference = E82951AA2758F6D000B34A70 /* RecipeHelperAppTests.xctest */;
			productType = "com.apple.product-type.bundle.unit-test";
		};
		E82951B42758F6D100B34A70 /* RecipeHelperAppUITests */ = {
			isa = PBXNativeTarget;
			buildConfigurationList = E82951C42758F6D100B34A70 /* Build configuration list for PBXNativeTarget "RecipeHelperAppUITests" */;
			buildPhases = (
				E82951B12758F6D100B34A70 /* Sources */,
				E82951B22758F6D100B34A70 /* Frameworks */,
				E82951B32758F6D100B34A70 /* Resources */,
			);
			buildRules = (
			);
			dependencies = (
				E82951B72758F6D100B34A70 /* PBXTargetDependency */,
			);
			name = RecipeHelperAppUITests;
			productName = RecipeHelperAppUITests;
			productReference = E82951B52758F6D100B34A70 /* RecipeHelperAppUITests.xctest */;
			productType = "com.apple.product-type.bundle.ui-testing";
		};
/* End PBXNativeTarget section */

/* Begin PBXProject section */
		E82951912758F6CD00B34A70 /* Project object */ = {
			isa = PBXProject;
			attributes = {
				LastSwiftUpdateCheck = 1220;
				LastUpgradeCheck = 1220;
				TargetAttributes = {
					E82951982758F6CD00B34A70 = {
						CreatedOnToolsVersion = 12.2;
						LastSwiftMigration = 1220;
					};
					E82951A92758F6D000B34A70 = {
						CreatedOnToolsVersion = 12.2;
						TestTargetID = E82951982758F6CD00B34A70;
					};
					E82951B42758F6D100B34A70 = {
						CreatedOnToolsVersion = 12.2;
						TestTargetID = E82951982758F6CD00B34A70;
					};
				};
			};
			buildConfigurationList = E82951942758F6CD00B34A70 /* Build configuration list for PBXProject "RecipeHelperApp" */;
			compatibilityVersion = "Xcode 9.3";
			developmentRegion = en;
			hasScannedForEncodings = 0;
			knownRegions = (
				en,
				Base,
			);
			mainGroup = E82951902758F6CD00B34A70;
			productRefGroup = E829519A2758F6CD00B34A70 /* Products */;
			projectDirPath = "";
			projectRoot = "";
			targets = (
				E82951982758F6CD00B34A70 /* RecipeHelperApp */,
				E82951A92758F6D000B34A70 /* RecipeHelperAppTests */,
				E82951B42758F6D100B34A70 /* RecipeHelperAppUITests */,
			);
		};
/* End PBXProject section */

/* Begin PBXResourcesBuildPhase section */
		E82951972758F6CD00B34A70 /* Resources */ = {
			isa = PBXResourcesBuildPhase;
			buildActionMask = 2147483647;
			files = (
				E8A9ED9227594069002E8768 /* Info.plist in Resources */,
				E8A9ED9327594069002E8768 /* Base.lproj in Resources */,
				E8A9ED9027594069002E8768 /* Assets.xcassets in Resources */,
			);
			runOnlyForDeploymentPostprocessing = 0;
		};
		E82951A82758F6D000B34A70 /* Resources */ = {
			isa = PBXResourcesBuildPhase;
			buildActionMask = 2147483647;
			files = (
			);
			runOnlyForDeploymentPostprocessing = 0;
		};
		E82951B32758F6D100B34A70 /* Resources */ = {
			isa = PBXResourcesBuildPhase;
			buildActionMask = 2147483647;
			files = (
			);
			runOnlyForDeploymentPostprocessing = 0;
		};
/* End PBXResourcesBuildPhase section */

/* Begin PBXSourcesBuildPhase section */
		E82951952758F6CD00B34A70 /* Sources */ = {
			isa = PBXSourcesBuildPhase;
			buildActionMask = 2147483647;
			files = (
				E8A9ED9527594069002E8768 /* AppDelegate.swift in Sources */,
				E8A9ED9127594069002E8768 /* ViewController.swift in Sources */,
				E8A9ED9427594069002E8768 /* SceneDelegate.swift in Sources */,
			);
			runOnlyForDeploymentPostprocessing = 0;
		};
		E82951A62758F6D000B34A70 /* Sources */ = {
			isa = PBXSourcesBuildPhase;
			buildActionMask = 2147483647;
			files = (
				E82951AF2758F6D000B34A70 /* RecipeHelperAppTests.swift in Sources */,
			);
			runOnlyForDeploymentPostprocessing = 0;
		};
		E82951B12758F6D100B34A70 /* Sources */ = {
			isa = PBXSourcesBuildPhase;
			buildActionMask = 2147483647;
			files = (
				E82951BA2758F6D100B34A70 /* RecipeHelperAppUITests.swift in Sources */,
			);
			runOnlyForDeploymentPostprocessing = 0;
		};
/* End PBXSourcesBuildPhase section */

/* Begin PBXTargetDependency section */
		E82951AC2758F6D000B34A70 /* PBXTargetDependency */ = {
			isa = PBXTargetDependency;
			target = E82951982758F6CD00B34A70 /* RecipeHelperApp */;
			targetProxy = E82951AB2758F6D000B34A70 /* PBXContainerItemProxy */;
		};
		E82951B72758F6D100B34A70 /* PBXTargetDependency */ = {
			isa = PBXTargetDependency;
			target = E82951982758F6CD00B34A70 /* RecipeHelperApp */;
			targetProxy = E82951B62758F6D100B34A70 /* PBXContainerItemProxy */;
		};
/* End PBXTargetDependency section */

/* Begin XCBuildConfiguration section */
		E82951BC2758F6D100B34A70 /* Debug */ = {
			isa = XCBuildConfiguration;
			buildSettings = {
				ALWAYS_SEARCH_USER_PATHS = NO;
				CLANG_ANALYZER_NONNULL = YES;
				CLANG_ANALYZER_NUMBER_OBJECT_CONVERSION = YES_AGGRESSIVE;
				CLANG_CXX_LANGUAGE_STANDARD = "gnu++14";
				CLANG_CXX_LIBRARY = "libc++";
				CLANG_ENABLE_MODULES = YES;
				CLANG_ENABLE_OBJC_ARC = YES;
				CLANG_ENABLE_OBJC_WEAK = YES;
				CLANG_WARN_BLOCK_CAPTURE_AUTORELEASING = YES;
				CLANG_WARN_BOOL_CONVERSION = YES;
				CLANG_WARN_COMMA = YES;
				CLANG_WARN_CONSTANT_CONVERSION = YES;
				CLANG_WARN_DEPRECATED_OBJC_IMPLEMENTATIONS = YES;
				CLANG_WARN_DIRECT_OBJC_ISA_USAGE = YES_ERROR;
				CLANG_WARN_DOCUMENTATION_COMMENTS = YES;
				CLANG_WARN_EMPTY_BODY = YES;
				CLANG_WARN_ENUM_CONVERSION = YES;
				CLANG_WARN_INFINITE_RECURSION = YES;
				CLANG_WARN_INT_CONVERSION = YES;
				CLANG_WARN_NON_LITERAL_NULL_CONVERSION = YES;
				CLANG_WARN_OBJC_IMPLICIT_RETAIN_SELF = YES;
				CLANG_WARN_OBJC_LITERAL_CONVERSION = YES;
				CLANG_WARN_OBJC_ROOT_CLASS = YES_ERROR;
				CLANG_WARN_QUOTED_INCLUDE_IN_FRAMEWORK_HEADER = YES;
				CLANG_WARN_RANGE_LOOP_ANALYSIS = YES;
				CLANG_WARN_STRICT_PROTOTYPES = YES;
				CLANG_WARN_SUSPICIOUS_MOVE = YES;
				CLANG_WARN_UNGUARDED_AVAILABILITY = YES_AGGRESSIVE;
				CLANG_WARN_UNREACHABLE_CODE = YES;
				CLANG_WARN__DUPLICATE_METHOD_MATCH = YES;
				COPY_PHASE_STRIP = NO;
				DEBUG_INFORMATION_FORMAT = dwarf;
				ENABLE_STRICT_OBJC_MSGSEND = YES;
				ENABLE_TESTABILITY = YES;
				GCC_C_LANGUAGE_STANDARD = gnu11;
				GCC_DYNAMIC_NO_PIC = NO;
				GCC_NO_COMMON_BLOCKS = YES;
				GCC_OPTIMIZATION_LEVEL = 0;
				GCC_PREPROCESSOR_DEFINITIONS = (
					"DEBUG=1",
					"$(inherited)",
				);
				GCC_WARN_64_TO_32_BIT_CONVERSION = YES;
				GCC_WARN_ABOUT_RETURN_TYPE = YES_ERROR;
				GCC_WARN_UNDECLARED_SELECTOR = YES;
				GCC_WARN_UNINITIALIZED_AUTOS = YES_AGGRESSIVE;
				GCC_WARN_UNUSED_FUNCTION = YES;
				GCC_WARN_UNUSED_VARIABLE = YES;
				IPHONEOS_DEPLOYMENT_TARGET = 14.2;
				MTL_ENABLE_DEBUG_INFO = INCLUDE_SOURCE;
				MTL_FAST_MATH = YES;
				ONLY_ACTIVE_ARCH = YES;
				SDKROOT = iphoneos;
				SWIFT_ACTIVE_COMPILATION_CONDITIONS = DEBUG;
				SWIFT_OPTIMIZATION_LEVEL = "-Onone";
			};
			name = Debug;
		};
		E82951BD2758F6D100B34A70 /* Release */ = {
			isa = XCBuildConfiguration;
			buildSettings = {
				ALWAYS_SEARCH_USER_PATHS = NO;
				CLANG_ANALYZER_NONNULL = YES;
				CLANG_ANALYZER_NUMBER_OBJECT_CONVERSION = YES_AGGRESSIVE;
				CLANG_CXX_LANGUAGE_STANDARD = "gnu++14";
				CLANG_CXX_LIBRARY = "libc++";
				CLANG_ENABLE_MODULES = YES;
				CLANG_ENABLE_OBJC_ARC = YES;
				CLANG_ENABLE_OBJC_WEAK = YES;
				CLANG_WARN_BLOCK_CAPTURE_AUTORELEASING = YES;
				CLANG_WARN_BOOL_CONVERSION = YES;
				CLANG_WARN_COMMA = YES;
				CLANG_WARN_CONSTANT_CONVERSION = YES;
				CLANG_WARN_DEPRECATED_OBJC_IMPLEMENTATIONS = YES;
				CLANG_WARN_DIRECT_OBJC_ISA_USAGE = YES_ERROR;
				CLANG_WARN_DOCUMENTATION_COMMENTS = YES;
				CLANG_WARN_EMPTY_BODY = YES;
				CLANG_WARN_ENUM_CONVERSION = YES;
				CLANG_WARN_INFINITE_RECURSION = YES;
				CLANG_WARN_INT_CONVERSION = YES;
				CLANG_WARN_NON_LITERAL_NULL_CONVERSION = YES;
				CLANG_WARN_OBJC_IMPLICIT_RETAIN_SELF = YES;
				CLANG_WARN_OBJC_LITERAL_CONVERSION = YES;
				CLANG_WARN_OBJC_ROOT_CLASS = YES_ERROR;
				CLANG_WARN_QUOTED_INCLUDE_IN_FRAMEWORK_HEADER = YES;
				CLANG_WARN_RANGE_LOOP_ANALYSIS = YES;
				CLANG_WARN_STRICT_PROTOTYPES = YES;
				CLANG_WARN_SUSPICIOUS_MOVE = YES;
				CLANG_WARN_UNGUARDED_AVAILABILITY = YES_AGGRESSIVE;
				CLANG_WARN_UNREACHABLE_CODE = YES;
				CLANG_WARN__DUPLICATE_METHOD_MATCH = YES;
				COPY_PHASE_STRIP = NO;
				DEBUG_INFORMATION_FORMAT = "dwarf-with-dsym";
				ENABLE_NS_ASSERTIONS = NO;
				ENABLE_STRICT_OBJC_MSGSEND = YES;
				GCC_C_LANGUAGE_STANDARD = gnu11;
				GCC_NO_COMMON_BLOCKS = YES;
				GCC_WARN_64_TO_32_BIT_CONVERSION = YES;
				GCC_WARN_ABOUT_RETURN_TYPE = YES_ERROR;
				GCC_WARN_UNDECLARED_SELECTOR = YES;
				GCC_WARN_UNINITIALIZED_AUTOS = YES_AGGRESSIVE;
				GCC_WARN_UNUSED_FUNCTION = YES;
				GCC_WARN_UNUSED_VARIABLE = YES;
				IPHONEOS_DEPLOYMENT_TARGET = 14.2;
				MTL_ENABLE_DEBUG_INFO = NO;
				MTL_FAST_MATH = YES;
				SDKROOT = iphoneos;
				SWIFT_COMPILATION_MODE = wholemodule;
				SWIFT_OPTIMIZATION_LEVEL = "-O";
				VALIDATE_PRODUCT = YES;
			};
			name = Release;
		};
		E82951BF2758F6D100B34A70 /* Debug */ = {
			isa = XCBuildConfiguration;
			buildSettings = {
				ASSETCATALOG_COMPILER_APPICON_NAME = AppIcon;
				ASSETCATALOG_COMPILER_GLOBAL_ACCENT_COLOR_NAME = AccentColor;
				CLANG_ENABLE_MODULES = YES;
				CODE_SIGN_STYLE = Automatic;
				DEVELOPMENT_ASSET_PATHS = "\"RecipeHelperApp/Preview Content\"";
				ENABLE_PREVIEWS = YES;
				INFOPLIST_FILE = RecipeHelperApp/Info.plist;
				IPHONEOS_DEPLOYMENT_TARGET = 14.0;
				LD_RUNPATH_SEARCH_PATHS = (
					"$(inherited)",
					"@executable_path/Frameworks",
				);
				PRODUCT_BUNDLE_IDENTIFIER = rodolfo.RecipeHelperApp;
				PRODUCT_NAME = "$(TARGET_NAME)";
				SWIFT_OBJC_BRIDGING_HEADER = "RecipeHelperApp/RecipeHelperApp-Bridging-Header.h";
				SWIFT_OPTIMIZATION_LEVEL = "-Onone";
				SWIFT_VERSION = 5.0;
				TARGETED_DEVICE_FAMILY = "1,2";
			};
			name = Debug;
		};
		E82951C02758F6D100B34A70 /* Release */ = {
			isa = XCBuildConfiguration;
			buildSettings = {
				ASSETCATALOG_COMPILER_APPICON_NAME = AppIcon;
				ASSETCATALOG_COMPILER_GLOBAL_ACCENT_COLOR_NAME = AccentColor;
				CLANG_ENABLE_MODULES = YES;
				CODE_SIGN_STYLE = Automatic;
				DEVELOPMENT_ASSET_PATHS = "\"RecipeHelperApp/Preview Content\"";
				ENABLE_PREVIEWS = YES;
				INFOPLIST_FILE = RecipeHelperApp/Info.plist;
				IPHONEOS_DEPLOYMENT_TARGET = 14.0;
				LD_RUNPATH_SEARCH_PATHS = (
					"$(inherited)",
					"@executable_path/Frameworks",
				);
				PRODUCT_BUNDLE_IDENTIFIER = rodolfo.RecipeHelperApp;
				PRODUCT_NAME = "$(TARGET_NAME)";
				SWIFT_OBJC_BRIDGING_HEADER = "RecipeHelperApp/RecipeHelperApp-Bridging-Header.h";
				SWIFT_VERSION = 5.0;
				TARGETED_DEVICE_FAMILY = "1,2";
			};
			name = Release;
		};
		E82951C22758F6D100B34A70 /* Debug */ = {
			isa = XCBuildConfiguration;
			buildSettings = {
				ALWAYS_EMBED_SWIFT_STANDARD_LIBRARIES = YES;
				BUNDLE_LOADER = "$(TEST_HOST)";
				CODE_SIGN_STYLE = Automatic;
				INFOPLIST_FILE = RecipeHelperAppTests/Info.plist;
				IPHONEOS_DEPLOYMENT_TARGET = 14.0;
				LD_RUNPATH_SEARCH_PATHS = (
					"$(inherited)",
					"@executable_path/Frameworks",
					"@loader_path/Frameworks",
				);
				PRODUCT_BUNDLE_IDENTIFIER = rodolfo.RecipeHelperAppTests;
				PRODUCT_NAME = "$(TARGET_NAME)";
				SWIFT_VERSION = 5.0;
				TARGETED_DEVICE_FAMILY = "1,2";
				TEST_HOST = "$(BUILT_PRODUCTS_DIR)/RecipeHelperApp.app/RecipeHelperApp";
			};
			name = Debug;
		};
		E82951C32758F6D100B34A70 /* Release */ = {
			isa = XCBuildConfiguration;
			buildSettings = {
				ALWAYS_EMBED_SWIFT_STANDARD_LIBRARIES = YES;
				BUNDLE_LOADER = "$(TEST_HOST)";
				CODE_SIGN_STYLE = Automatic;
				INFOPLIST_FILE = RecipeHelperAppTests/Info.plist;
				IPHONEOS_DEPLOYMENT_TARGET = 14.0;
				LD_RUNPATH_SEARCH_PATHS = (
					"$(inherited)",
					"@executable_path/Frameworks",
					"@loader_path/Frameworks",
				);
				PRODUCT_BUNDLE_IDENTIFIER = rodolfo.RecipeHelperAppTests;
				PRODUCT_NAME = "$(TARGET_NAME)";
				SWIFT_VERSION = 5.0;
				TARGETED_DEVICE_FAMILY = "1,2";
				TEST_HOST = "$(BUILT_PRODUCTS_DIR)/RecipeHelperApp.app/RecipeHelperApp";
			};
			name = Release;
		};
		E82951C52758F6D100B34A70 /* Debug */ = {
			isa = XCBuildConfiguration;
			buildSettings = {
				ALWAYS_EMBED_SWIFT_STANDARD_LIBRARIES = YES;
				CODE_SIGN_STYLE = Automatic;
				INFOPLIST_FILE = RecipeHelperAppUITests/Info.plist;
				LD_RUNPATH_SEARCH_PATHS = (
					"$(inherited)",
					"@executable_path/Frameworks",
					"@loader_path/Frameworks",
				);
				PRODUCT_BUNDLE_IDENTIFIER = rodolfo.RecipeHelperAppUITests;
				PRODUCT_NAME = "$(TARGET_NAME)";
				SWIFT_VERSION = 5.0;
				TARGETED_DEVICE_FAMILY = "1,2";
				TEST_TARGET_NAME = RecipeHelperApp;
			};
			name = Debug;
		};
		E82951C62758F6D100B34A70 /* Release */ = {
			isa = XCBuildConfiguration;
			buildSettings = {
				ALWAYS_EMBED_SWIFT_STANDARD_LIBRARIES = YES;
				CODE_SIGN_STYLE = Automatic;
				INFOPLIST_FILE = RecipeHelperAppUITests/Info.plist;
				LD_RUNPATH_SEARCH_PATHS = (
					"$(inherited)",
					"@executable_path/Frameworks",
					"@loader_path/Frameworks",
				);
				PRODUCT_BUNDLE_IDENTIFIER = rodolfo.RecipeHelperAppUITests;
				PRODUCT_NAME = "$(TARGET_NAME)";
				SWIFT_VERSION = 5.0;
				TARGETED_DEVICE_FAMILY = "1,2";
				TEST_TARGET_NAME = RecipeHelperApp;
			};
			name = Release;
		};
/* End XCBuildConfiguration section */

/* Begin XCConfigurationList section */
		E82951942758F6CD00B34A70 /* Build configuration list for PBXProject "RecipeHelperApp" */ = {
			isa = XCConfigurationList;
			buildConfigurations = (
				E82951BC2758F6D100B34A70 /* Debug */,
				E82951BD2758F6D100B34A70 /* Release */,
			);
			defaultConfigurationIsVisible = 0;
			defaultConfigurationName = Release;
		};
		E82951BE2758F6D100B34A70 /* Build configuration list for PBXNativeTarget "RecipeHelperApp" */ = {
			isa = XCConfigurationList;
			buildConfigurations = (
				E82951BF2758F6D100B34A70 /* Debug */,
				E82951C02758F6D100B34A70 /* Release */,
			);
			defaultConfigurationIsVisible = 0;
			defaultConfigurationName = Release;
		};
		E82951C12758F6D100B34A70 /* Build configuration list for PBXNativeTarget "RecipeHelperAppTests" */ = {
			isa = XCConfigurationList;
			buildConfigurations = (
				E82951C22758F6D100B34A70 /* Debug */,
				E82951C32758F6D100B34A70 /* Release */,
			);
			defaultConfigurationIsVisible = 0;
			defaultConfigurationName = Release;
		};
		E82951C42758F6D100B34A70 /* Build configuration list for PBXNativeTarget "RecipeHelperAppUITests" */ = {
			isa = XCConfigurationList;
			buildConfigurations = (
				E82951C52758F6D100B34A70 /* Debug */,
				E82951C62758F6D100B34A70 /* Release */,
			);
			defaultConfigurationIsVisible = 0;
			defaultConfigurationName = Release;
		};
/* End XCConfigurationList section */
	};
	rootObject = E82951912758F6CD00B34A70 /* Project object */;
}
